// !$*UTF8*$!
{
	archiveVersion = 1;
	classes = {
	};
	objectVersion = 56;
	objects = {

/* Begin PBXBuildFile section */
		9A33F6692B12D751002F1379 /* Pizza_MotoristApp.swift in Sources */ = {isa = PBXBuildFile; fileRef = 9A33F6682B12D751002F1379 /* Pizza_MotoristApp.swift */; };
		9A33F66B2B12D751002F1379 /* ContentView.swift in Sources */ = {isa = PBXBuildFile; fileRef = 9A33F66A2B12D751002F1379 /* ContentView.swift */; };
		9A33F66D2B12D755002F1379 /* Assets.xcassets in Resources */ = {isa = PBXBuildFile; fileRef = 9A33F66C2B12D755002F1379 /* Assets.xcassets */; };
		9A33F6702B12D755002F1379 /* Preview Assets.xcassets in Resources */ = {isa = PBXBuildFile; fileRef = 9A33F66F2B12D755002F1379 /* Preview Assets.xcassets */; };
		9A33F67A2B12D755002F1379 /* Pizza_MotoristTests.swift in Sources */ = {isa = PBXBuildFile; fileRef = 9A33F6792B12D755002F1379 /* Pizza_MotoristTests.swift */; };
		9A33F6842B12D755002F1379 /* Pizza_MotoristUITests.swift in Sources */ = {isa = PBXBuildFile; fileRef = 9A33F6832B12D755002F1379 /* Pizza_MotoristUITests.swift */; };
		9A33F6862B12D755002F1379 /* Pizza_MotoristUITestsLaunchTests.swift in Sources */ = {isa = PBXBuildFile; fileRef = 9A33F6852B12D755002F1379 /* Pizza_MotoristUITestsLaunchTests.swift */; };
		9A3820B22B2C209A00A4440A /* Quests.swift in Sources */ = {isa = PBXBuildFile; fileRef = 9A3820B12B2C209A00A4440A /* Quests.swift */; };
		9A3820B42B2C225800A4440A /* CarElements.swift in Sources */ = {isa = PBXBuildFile; fileRef = 9A3820B32B2C225800A4440A /* CarElements.swift */; };
		9A3820B62B2C257700A4440A /* MainGameView.swift in Sources */ = {isa = PBXBuildFile; fileRef = 9A3820B52B2C257600A4440A /* MainGameView.swift */; };
		9A3820B82B2C31DE00A4440A /* GlobalData.swift in Sources */ = {isa = PBXBuildFile; fileRef = 9A3820B72B2C31DE00A4440A /* GlobalData.swift */; };
		9AAED2AC2B2EBA9B00C4A86E /* GameGeneration.swift in Sources */ = {isa = PBXBuildFile; fileRef = 9AAED2AB2B2EBA9B00C4A86E /* GameGeneration.swift */; };
/* End PBXBuildFile section */

/* Begin PBXContainerItemProxy section */
		9A33F6762B12D755002F1379 /* PBXContainerItemProxy */ = {
			isa = PBXContainerItemProxy;
			containerPortal = 9A33F65D2B12D751002F1379 /* Project object */;
			proxyType = 1;
			remoteGlobalIDString = 9A33F6642B12D751002F1379;
			remoteInfo = "Pizza Motorist";
		};
		9A33F6802B12D755002F1379 /* PBXContainerItemProxy */ = {
			isa = PBXContainerItemProxy;
			containerPortal = 9A33F65D2B12D751002F1379 /* Project object */;
			proxyType = 1;
			remoteGlobalIDString = 9A33F6642B12D751002F1379;
			remoteInfo = "Pizza Motorist";
		};
/* End PBXContainerItemProxy section */

/* Begin PBXFileReference section */
		9A33F6652B12D751002F1379 /* Pizza Motorist.app */ = {isa = PBXFileReference; explicitFileType = wrapper.application; includeInIndex = 0; path = "Pizza Motorist.app"; sourceTree = BUILT_PRODUCTS_DIR; };
		9A33F6682B12D751002F1379 /* Pizza_MotoristApp.swift */ = {isa = PBXFileReference; lastKnownFileType = sourcecode.swift; path = Pizza_MotoristApp.swift; sourceTree = "<group>"; };
		9A33F66A2B12D751002F1379 /* ContentView.swift */ = {isa = PBXFileReference; lastKnownFileType = sourcecode.swift; path = ContentView.swift; sourceTree = "<group>"; };
		9A33F66C2B12D755002F1379 /* Assets.xcassets */ = {isa = PBXFileReference; lastKnownFileType = folder.assetcatalog; path = Assets.xcassets; sourceTree = "<group>"; };
		9A33F66F2B12D755002F1379 /* Preview Assets.xcassets */ = {isa = PBXFileReference; lastKnownFileType = folder.assetcatalog; path = "Preview Assets.xcassets"; sourceTree = "<group>"; };
		9A33F6752B12D755002F1379 /* Pizza MotoristTests.xctest */ = {isa = PBXFileReference; explicitFileType = wrapper.cfbundle; includeInIndex = 0; path = "Pizza MotoristTests.xctest"; sourceTree = BUILT_PRODUCTS_DIR; };
		9A33F6792B12D755002F1379 /* Pizza_MotoristTests.swift */ = {isa = PBXFileReference; lastKnownFileType = sourcecode.swift; path = Pizza_MotoristTests.swift; sourceTree = "<group>"; };
		9A33F67F2B12D755002F1379 /* Pizza MotoristUITests.xctest */ = {isa = PBXFileReference; explicitFileType = wrapper.cfbundle; includeInIndex = 0; path = "Pizza MotoristUITests.xctest"; sourceTree = BUILT_PRODUCTS_DIR; };
		9A33F6832B12D755002F1379 /* Pizza_MotoristUITests.swift */ = {isa = PBXFileReference; lastKnownFileType = sourcecode.swift; path = Pizza_MotoristUITests.swift; sourceTree = "<group>"; };
		9A33F6852B12D755002F1379 /* Pizza_MotoristUITestsLaunchTests.swift */ = {isa = PBXFileReference; lastKnownFileType = sourcecode.swift; path = Pizza_MotoristUITestsLaunchTests.swift; sourceTree = "<group>"; };
		9A3820B12B2C209A00A4440A /* Quests.swift */ = {isa = PBXFileReference; lastKnownFileType = sourcecode.swift; path = Quests.swift; sourceTree = "<group>"; };
		9A3820B32B2C225800A4440A /* CarElements.swift */ = {isa = PBXFileReference; lastKnownFileType = sourcecode.swift; path = CarElements.swift; sourceTree = "<group>"; };
		9A3820B52B2C257600A4440A /* MainGameView.swift */ = {isa = PBXFileReference; lastKnownFileType = sourcecode.swift; path = MainGameView.swift; sourceTree = "<group>"; };
		9A3820B72B2C31DE00A4440A /* GlobalData.swift */ = {isa = PBXFileReference; lastKnownFileType = sourcecode.swift; path = GlobalData.swift; sourceTree = "<group>"; };
		9AAED2AB2B2EBA9B00C4A86E /* GameGeneration.swift */ = {isa = PBXFileReference; lastKnownFileType = sourcecode.swift; path = GameGeneration.swift; sourceTree = "<group>"; };
/* End PBXFileReference section */

/* Begin PBXFrameworksBuildPhase section */
		9A33F6622B12D751002F1379 /* Frameworks */ = {
			isa = PBXFrameworksBuildPhase;
			buildActionMask = 2147483647;
			files = (
			);
			runOnlyForDeploymentPostprocessing = 0;
		};
		9A33F6722B12D755002F1379 /* Frameworks */ = {
			isa = PBXFrameworksBuildPhase;
			buildActionMask = 2147483647;
			files = (
			);
			runOnlyForDeploymentPostprocessing = 0;
		};
		9A33F67C2B12D755002F1379 /* Frameworks */ = {
			isa = PBXFrameworksBuildPhase;
			buildActionMask = 2147483647;
			files = (
			);
			runOnlyForDeploymentPostprocessing = 0;
		};
/* End PBXFrameworksBuildPhase section */

/* Begin PBXGroup section */
		9A33F65C2B12D751002F1379 = {
			isa = PBXGroup;
			children = (
				9A33F6672B12D751002F1379 /* Pizza Motorist */,
				9A33F6782B12D755002F1379 /* Pizza MotoristTests */,
				9A33F6822B12D755002F1379 /* Pizza MotoristUITests */,
				9A33F6662B12D751002F1379 /* Products */,
			);
			sourceTree = "<group>";
		};
		9A33F6662B12D751002F1379 /* Products */ = {
			isa = PBXGroup;
			children = (
				9A33F6652B12D751002F1379 /* Pizza Motorist.app */,
				9A33F6752B12D755002F1379 /* Pizza MotoristTests.xctest */,
				9A33F67F2B12D755002F1379 /* Pizza MotoristUITests.xctest */,
			);
			name = Products;
			sourceTree = "<group>";
		};
		9A33F6672B12D751002F1379 /* Pizza Motorist */ = {
			isa = PBXGroup;
			children = (
				9A33F6682B12D751002F1379 /* Pizza_MotoristApp.swift */,
				9A33F66A2B12D751002F1379 /* ContentView.swift */,
				9A33F66C2B12D755002F1379 /* Assets.xcassets */,
				9A33F66E2B12D755002F1379 /* Preview Content */,
				9A3820B12B2C209A00A4440A /* Quests.swift */,
				9A3820B32B2C225800A4440A /* CarElements.swift */,
				9A3820B52B2C257600A4440A /* MainGameView.swift */,
				9A3820B72B2C31DE00A4440A /* GlobalData.swift */,
				9AAED2AB2B2EBA9B00C4A86E /* GameGeneration.swift */,
			);
			path = "Pizza Motorist";
			sourceTree = "<group>";
		};
		9A33F66E2B12D755002F1379 /* Preview Content */ = {
			isa = PBXGroup;
			children = (
				9A33F66F2B12D755002F1379 /* Preview Assets.xcassets */,
			);
			path = "Preview Content";
			sourceTree = "<group>";
		};
		9A33F6782B12D755002F1379 /* Pizza MotoristTests */ = {
			isa = PBXGroup;
			children = (
				9A33F6792B12D755002F1379 /* Pizza_MotoristTests.swift */,
			);
			path = "Pizza MotoristTests";
			sourceTree = "<group>";
		};
		9A33F6822B12D755002F1379 /* Pizza MotoristUITests */ = {
			isa = PBXGroup;
			children = (
				9A33F6832B12D755002F1379 /* Pizza_MotoristUITests.swift */,
				9A33F6852B12D755002F1379 /* Pizza_MotoristUITestsLaunchTests.swift */,
			);
			path = "Pizza MotoristUITests";
			sourceTree = "<group>";
		};
/* End PBXGroup section */

/* Begin PBXNativeTarget section */
		9A33F6642B12D751002F1379 /* Pizza Motorist */ = {
			isa = PBXNativeTarget;
			buildConfigurationList = 9A33F6892B12D755002F1379 /* Build configuration list for PBXNativeTarget "Pizza Motorist" */;
			buildPhases = (
				9A33F6612B12D751002F1379 /* Sources */,
				9A33F6622B12D751002F1379 /* Frameworks */,
				9A33F6632B12D751002F1379 /* Resources */,
			);
			buildRules = (
			);
			dependencies = (
			);
			name = "Pizza Motorist";
			productName = "Pizza Motorist";
			productReference = 9A33F6652B12D751002F1379 /* Pizza Motorist.app */;
			productType = "com.apple.product-type.application";
		};
		9A33F6742B12D755002F1379 /* Pizza MotoristTests */ = {
			isa = PBXNativeTarget;
			buildConfigurationList = 9A33F68C2B12D755002F1379 /* Build configuration list for PBXNativeTarget "Pizza MotoristTests" */;
			buildPhases = (
				9A33F6712B12D755002F1379 /* Sources */,
				9A33F6722B12D755002F1379 /* Frameworks */,
				9A33F6732B12D755002F1379 /* Resources */,
			);
			buildRules = (
			);
			dependencies = (
				9A33F6772B12D755002F1379 /* PBXTargetDependency */,
			);
			name = "Pizza MotoristTests";
			productName = "Pizza MotoristTests";
			productReference = 9A33F6752B12D755002F1379 /* Pizza MotoristTests.xctest */;
			productType = "com.apple.product-type.bundle.unit-test";
		};
		9A33F67E2B12D755002F1379 /* Pizza MotoristUITests */ = {
			isa = PBXNativeTarget;
			buildConfigurationList = 9A33F68F2B12D755002F1379 /* Build configuration list for PBXNativeTarget "Pizza MotoristUITests" */;
			buildPhases = (
				9A33F67B2B12D755002F1379 /* Sources */,
				9A33F67C2B12D755002F1379 /* Frameworks */,
				9A33F67D2B12D755002F1379 /* Resources */,
			);
			buildRules = (
			);
			dependencies = (
				9A33F6812B12D755002F1379 /* PBXTargetDependency */,
			);
			name = "Pizza MotoristUITests";
			productName = "Pizza MotoristUITests";
			productReference = 9A33F67F2B12D755002F1379 /* Pizza MotoristUITests.xctest */;
			productType = "com.apple.product-type.bundle.ui-testing";
		};
/* End PBXNativeTarget section */

/* Begin PBXProject section */
		9A33F65D2B12D751002F1379 /* Project object */ = {
			isa = PBXProject;
			attributes = {
				BuildIndependentTargetsInParallel = 1;
				LastSwiftUpdateCheck = 1500;
				LastUpgradeCheck = 1500;
				TargetAttributes = {
					9A33F6642B12D751002F1379 = {
						CreatedOnToolsVersion = 15.0.1;
					};
					9A33F6742B12D755002F1379 = {
						CreatedOnToolsVersion = 15.0.1;
						TestTargetID = 9A33F6642B12D751002F1379;
					};
					9A33F67E2B12D755002F1379 = {
						CreatedOnToolsVersion = 15.0.1;
						TestTargetID = 9A33F6642B12D751002F1379;
					};
				};
			};
			buildConfigurationList = 9A33F6602B12D751002F1379 /* Build configuration list for PBXProject "Pizza Motorist" */;
			compatibilityVersion = "Xcode 14.0";
			developmentRegion = en;
			hasScannedForEncodings = 0;
			knownRegions = (
				en,
				Base,
			);
			mainGroup = 9A33F65C2B12D751002F1379;
			productRefGroup = 9A33F6662B12D751002F1379 /* Products */;
			projectDirPath = "";
			projectRoot = "";
			targets = (
				9A33F6642B12D751002F1379 /* Pizza Motorist */,
				9A33F6742B12D755002F1379 /* Pizza MotoristTests */,
				9A33F67E2B12D755002F1379 /* Pizza MotoristUITests */,
			);
		};
/* End PBXProject section */

/* Begin PBXResourcesBuildPhase section */
		9A33F6632B12D751002F1379 /* Resources */ = {
			isa = PBXResourcesBuildPhase;
			buildActionMask = 2147483647;
			files = (
				9A33F6702B12D755002F1379 /* Preview Assets.xcassets in Resources */,
				9A33F66D2B12D755002F1379 /* Assets.xcassets in Resources */,
			);
			runOnlyForDeploymentPostprocessing = 0;
		};
		9A33F6732B12D755002F1379 /* Resources */ = {
			isa = PBXResourcesBuildPhase;
			buildActionMask = 2147483647;
			files = (
			);
			runOnlyForDeploymentPostprocessing = 0;
		};
		9A33F67D2B12D755002F1379 /* Resources */ = {
			isa = PBXResourcesBuildPhase;
			buildActionMask = 2147483647;
			files = (
			);
			runOnlyForDeploymentPostprocessing = 0;
		};
/* End PBXResourcesBuildPhase section */

/* Begin PBXSourcesBuildPhase section */
		9A33F6612B12D751002F1379 /* Sources */ = {
			isa = PBXSourcesBuildPhase;
			buildActionMask = 2147483647;
			files = (
				9A3820B82B2C31DE00A4440A /* GlobalData.swift in Sources */,
				9A3820B22B2C209A00A4440A /* Quests.swift in Sources */,
				9A33F66B2B12D751002F1379 /* ContentView.swift in Sources */,
				9AAED2AC2B2EBA9B00C4A86E /* GameGeneration.swift in Sources */,
				9A33F6692B12D751002F1379 /* Pizza_MotoristApp.swift in Sources */,
				9A3820B42B2C225800A4440A /* CarElements.swift in Sources */,
				9A3820B62B2C257700A4440A /* MainGameView.swift in Sources */,
			);
			runOnlyForDeploymentPostprocessing = 0;
		};
		9A33F6712B12D755002F1379 /* Sources */ = {
			isa = PBXSourcesBuildPhase;
			buildActionMask = 2147483647;
			files = (
				9A33F67A2B12D755002F1379 /* Pizza_MotoristTests.swift in Sources */,
			);
			runOnlyForDeploymentPostprocessing = 0;
		};
		9A33F67B2B12D755002F1379 /* Sources */ = {
			isa = PBXSourcesBuildPhase;
			buildActionMask = 2147483647;
			files = (
				9A33F6862B12D755002F1379 /* Pizza_MotoristUITestsLaunchTests.swift in Sources */,
				9A33F6842B12D755002F1379 /* Pizza_MotoristUITests.swift in Sources */,
			);
			runOnlyForDeploymentPostprocessing = 0;
		};
/* End PBXSourcesBuildPhase section */

/* Begin PBXTargetDependency section */
		9A33F6772B12D755002F1379 /* PBXTargetDependency */ = {
			isa = PBXTargetDependency;
			target = 9A33F6642B12D751002F1379 /* Pizza Motorist */;
			targetProxy = 9A33F6762B12D755002F1379 /* PBXContainerItemProxy */;
		};
		9A33F6812B12D755002F1379 /* PBXTargetDependency */ = {
			isa = PBXTargetDependency;
			target = 9A33F6642B12D751002F1379 /* Pizza Motorist */;
			targetProxy = 9A33F6802B12D755002F1379 /* PBXContainerItemProxy */;
		};
/* End PBXTargetDependency section */

/* Begin XCBuildConfiguration section */
		9A33F6872B12D755002F1379 /* Debug */ = {
			isa = XCBuildConfiguration;
			buildSettings = {
				ALWAYS_SEARCH_USER_PATHS = NO;
				ASSETCATALOG_COMPILER_GENERATE_SWIFT_ASSET_SYMBOL_EXTENSIONS = YES;
				CLANG_ANALYZER_NONNULL = YES;
				CLANG_ANALYZER_NUMBER_OBJECT_CONVERSION = YES_AGGRESSIVE;
				CLANG_CXX_LANGUAGE_STANDARD = "gnu++20";
				CLANG_ENABLE_MODULES = YES;
				CLANG_ENABLE_OBJC_ARC = YES;
				CLANG_ENABLE_OBJC_WEAK = YES;
				CLANG_WARN_BLOCK_CAPTURE_AUTORELEASING = YES;
				CLANG_WARN_BOOL_CONVERSION = YES;
				CLANG_WARN_COMMA = YES;
				CLANG_WARN_CONSTANT_CONVERSION = YES;
				CLANG_WARN_DEPRECATED_OBJC_IMPLEMENTATIONS = YES;
				CLANG_WARN_DIRECT_OBJC_ISA_USAGE = YES_ERROR;
				CLANG_WARN_DOCUMENTATION_COMMENTS = YES;
				CLANG_WARN_EMPTY_BODY = YES;
				CLANG_WARN_ENUM_CONVERSION = YES;
				CLANG_WARN_INFINITE_RECURSION = YES;
				CLANG_WARN_INT_CONVERSION = YES;
				CLANG_WARN_NON_LITERAL_NULL_CONVERSION = YES;
				CLANG_WARN_OBJC_IMPLICIT_RETAIN_SELF = YES;
				CLANG_WARN_OBJC_LITERAL_CONVERSION = YES;
				CLANG_WARN_OBJC_ROOT_CLASS = YES_ERROR;
				CLANG_WARN_QUOTED_INCLUDE_IN_FRAMEWORK_HEADER = YES;
				CLANG_WARN_RANGE_LOOP_ANALYSIS = YES;
				CLANG_WARN_STRICT_PROTOTYPES = YES;
				CLANG_WARN_SUSPICIOUS_MOVE = YES;
				CLANG_WARN_UNGUARDED_AVAILABILITY = YES_AGGRESSIVE;
				CLANG_WARN_UNREACHABLE_CODE = YES;
				CLANG_WARN__DUPLICATE_METHOD_MATCH = YES;
				COPY_PHASE_STRIP = NO;
				DEBUG_INFORMATION_FORMAT = dwarf;
				ENABLE_STRICT_OBJC_MSGSEND = YES;
				ENABLE_TESTABILITY = YES;
				ENABLE_USER_SCRIPT_SANDBOXING = YES;
				GCC_C_LANGUAGE_STANDARD = gnu17;
				GCC_DYNAMIC_NO_PIC = NO;
				GCC_NO_COMMON_BLOCKS = YES;
				GCC_OPTIMIZATION_LEVEL = 0;
				GCC_PREPROCESSOR_DEFINITIONS = (
					"DEBUG=1",
					"$(inherited)",
				);
				GCC_WARN_64_TO_32_BIT_CONVERSION = YES;
				GCC_WARN_ABOUT_RETURN_TYPE = YES_ERROR;
				GCC_WARN_UNDECLARED_SELECTOR = YES;
				GCC_WARN_UNINITIALIZED_AUTOS = YES_AGGRESSIVE;
				GCC_WARN_UNUSED_FUNCTION = YES;
				GCC_WARN_UNUSED_VARIABLE = YES;
				IPHONEOS_DEPLOYMENT_TARGET = 17.0;
				LOCALIZATION_PREFERS_STRING_CATALOGS = YES;
				MTL_ENABLE_DEBUG_INFO = INCLUDE_SOURCE;
				MTL_FAST_MATH = YES;
				ONLY_ACTIVE_ARCH = YES;
				SDKROOT = iphoneos;
				SWIFT_ACTIVE_COMPILATION_CONDITIONS = "DEBUG $(inherited)";
				SWIFT_OPTIMIZATION_LEVEL = "-Onone";
			};
			name = Debug;
		};
		9A33F6882B12D755002F1379 /* Release */ = {
			isa = XCBuildConfiguration;
			buildSettings = {
				ALWAYS_SEARCH_USER_PATHS = NO;
				ASSETCATALOG_COMPILER_GENERATE_SWIFT_ASSET_SYMBOL_EXTENSIONS = YES;
				CLANG_ANALYZER_NONNULL = YES;
				CLANG_ANALYZER_NUMBER_OBJECT_CONVERSION = YES_AGGRESSIVE;
				CLANG_CXX_LANGUAGE_STANDARD = "gnu++20";
				CLANG_ENABLE_MODULES = YES;
				CLANG_ENABLE_OBJC_ARC = YES;
				CLANG_ENABLE_OBJC_WEAK = YES;
				CLANG_WARN_BLOCK_CAPTURE_AUTORELEASING = YES;
				CLANG_WARN_BOOL_CONVERSION = YES;
				CLANG_WARN_COMMA = YES;
				CLANG_WARN_CONSTANT_CONVERSION = YES;
				CLANG_WARN_DEPRECATED_OBJC_IMPLEMENTATIONS = YES;
				CLANG_WARN_DIRECT_OBJC_ISA_USAGE = YES_ERROR;
				CLANG_WARN_DOCUMENTATION_COMMENTS = YES;
				CLANG_WARN_EMPTY_BODY = YES;
				CLANG_WARN_ENUM_CONVERSION = YES;
				CLANG_WARN_INFINITE_RECURSION = YES;
				CLANG_WARN_INT_CONVERSION = YES;
				CLANG_WARN_NON_LITERAL_NULL_CONVERSION = YES;
				CLANG_WARN_OBJC_IMPLICIT_RETAIN_SELF = YES;
				CLANG_WARN_OBJC_LITERAL_CONVERSION = YES;
				CLANG_WARN_OBJC_ROOT_CLASS = YES_ERROR;
				CLANG_WARN_QUOTED_INCLUDE_IN_FRAMEWORK_HEADER = YES;
				CLANG_WARN_RANGE_LOOP_ANALYSIS = YES;
				CLANG_WARN_STRICT_PROTOTYPES = YES;
				CLANG_WARN_SUSPICIOUS_MOVE = YES;
				CLANG_WARN_UNGUARDED_AVAILABILITY = YES_AGGRESSIVE;
				CLANG_WARN_UNREACHABLE_CODE = YES;
				CLANG_WARN__DUPLICATE_METHOD_MATCH = YES;
				COPY_PHASE_STRIP = NO;
				DEBUG_INFORMATION_FORMAT = "dwarf-with-dsym";
				ENABLE_NS_ASSERTIONS = NO;
				ENABLE_STRICT_OBJC_MSGSEND = YES;
				ENABLE_USER_SCRIPT_SANDBOXING = YES;
				GCC_C_LANGUAGE_STANDARD = gnu17;
				GCC_NO_COMMON_BLOCKS = YES;
				GCC_WARN_64_TO_32_BIT_CONVERSION = YES;
				GCC_WARN_ABOUT_RETURN_TYPE = YES_ERROR;
				GCC_WARN_UNDECLARED_SELECTOR = YES;
				GCC_WARN_UNINITIALIZED_AUTOS = YES_AGGRESSIVE;
				GCC_WARN_UNUSED_FUNCTION = YES;
				GCC_WARN_UNUSED_VARIABLE = YES;
				IPHONEOS_DEPLOYMENT_TARGET = 17.0;
				LOCALIZATION_PREFERS_STRING_CATALOGS = YES;
				MTL_ENABLE_DEBUG_INFO = NO;
				MTL_FAST_MATH = YES;
				SDKROOT = iphoneos;
				SWIFT_COMPILATION_MODE = wholemodule;
				VALIDATE_PRODUCT = YES;
			};
			name = Release;
		};
		9A33F68A2B12D755002F1379 /* Debug */ = {
			isa = XCBuildConfiguration;
			buildSettings = {
				ASSETCATALOG_COMPILER_APPICON_NAME = AppIcon;
				ASSETCATALOG_COMPILER_GLOBAL_ACCENT_COLOR_NAME = AccentColor;
				CODE_SIGN_STYLE = Automatic;
				CURRENT_PROJECT_VERSION = 1;
				DEVELOPMENT_ASSET_PATHS = "\"Pizza Motorist/Preview Content\"";
				DEVELOPMENT_TEAM = YX6HQPQFG5;
				ENABLE_PREVIEWS = YES;
				GENERATE_INFOPLIST_FILE = YES;
				INFOPLIST_KEY_CFBundleDisplayName = "Speedy Pizzas";
				INFOPLIST_KEY_LSApplicationCategoryType = "public.app-category.games";
				INFOPLIST_KEY_UIApplicationSceneManifest_Generation = YES;
				INFOPLIST_KEY_UIApplicationSupportsIndirectInputEvents = YES;
				INFOPLIST_KEY_UILaunchScreen_Generation = YES;
				INFOPLIST_KEY_UISupportedInterfaceOrientations = UIInterfaceOrientationPortrait;
				IPHONEOS_DEPLOYMENT_TARGET = 15.6;
				LD_RUNPATH_SEARCH_PATHS = (
					"$(inherited)",
					"@executable_path/Frameworks",
				);
				MARKETING_VERSION = 1.0;
				PRODUCT_BUNDLE_IDENTIFIER = "com.VadimShicha.Pizza-Motorist";
				PRODUCT_NAME = "$(TARGET_NAME)";
				SWIFT_EMIT_LOC_STRINGS = YES;
				SWIFT_VERSION = 5.0;
				TARGETED_DEVICE_FAMILY = "1,2";
			};
			name = Debug;
		};
		9A33F68B2B12D755002F1379 /* Release */ = {
			isa = XCBuildConfiguration;
			buildSettings = {
				ASSETCATALOG_COMPILER_APPICON_NAME = AppIcon;
				ASSETCATALOG_COMPILER_GLOBAL_ACCENT_COLOR_NAME = AccentColor;
				CODE_SIGN_STYLE = Automatic;
				CURRENT_PROJECT_VERSION = 1;
				DEVELOPMENT_ASSET_PATHS = "\"Pizza Motorist/Preview Content\"";
				DEVELOPMENT_TEAM = YX6HQPQFG5;
				ENABLE_PREVIEWS = YES;
				GENERATE_INFOPLIST_FILE = YES;
				INFOPLIST_KEY_CFBundleDisplayName = "Speedy Pizzas";
				INFOPLIST_KEY_LSApplicationCategoryType = "public.app-category.games";
				INFOPLIST_KEY_UIApplicationSceneManifest_Generation = YES;
				INFOPLIST_KEY_UIApplicationSupportsIndirectInputEvents = YES;
				INFOPLIST_KEY_UILaunchScreen_Generation = YES;
				INFOPLIST_KEY_UISupportedInterfaceOrientations = UIInterfaceOrientationPortrait;
				IPHONEOS_DEPLOYMENT_TARGET = 15.6;
				LD_RUNPATH_SEARCH_PATHS = (
					"$(inherited)",
					"@executable_path/Frameworks",
				);
				MARKETING_VERSION = 1.0;
				PRODUCT_BUNDLE_IDENTIFIER = "com.VadimShicha.Pizza-Motorist";
				PRODUCT_NAME = "$(TARGET_NAME)";
				SWIFT_EMIT_LOC_STRINGS = YES;
				SWIFT_VERSION = 5.0;
				TARGETED_DEVICE_FAMILY = "1,2";
			};
			name = Release;
		};
		9A33F68D2B12D755002F1379 /* Debug */ = {
			isa = XCBuildConfiguration;
			buildSettings = {
				ALWAYS_EMBED_SWIFT_STANDARD_LIBRARIES = YES;
				BUNDLE_LOADER = "$(TEST_HOST)";
				CODE_SIGN_STYLE = Automatic;
				CURRENT_PROJECT_VERSION = 1;
				DEVELOPMENT_TEAM = YX6HQPQFG5;
				GENERATE_INFOPLIST_FILE = YES;
				IPHONEOS_DEPLOYMENT_TARGET = 17.0;
				MARKETING_VERSION = 1.0;
				PRODUCT_BUNDLE_IDENTIFIER = "com.VadimShicha.Pizza-MotoristTests";
				PRODUCT_NAME = "$(TARGET_NAME)";
				SWIFT_EMIT_LOC_STRINGS = NO;
				SWIFT_VERSION = 5.0;
				TARGETED_DEVICE_FAMILY = "1,2";
				TEST_HOST = "$(BUILT_PRODUCTS_DIR)/Pizza Motorist.app/$(BUNDLE_EXECUTABLE_FOLDER_PATH)/Pizza Motorist";
			};
			name = Debug;
		};
		9A33F68E2B12D755002F1379 /* Release */ = {
			isa = XCBuildConfiguration;
			buildSettings = {
				ALWAYS_EMBED_SWIFT_STANDARD_LIBRARIES = YES;
				BUNDLE_LOADER = "$(TEST_HOST)";
				CODE_SIGN_STYLE = Automatic;
				CURRENT_PROJECT_VERSION = 1;
				DEVELOPMENT_TEAM = YX6HQPQFG5;
				GENERATE_INFOPLIST_FILE = YES;
				IPHONEOS_DEPLOYMENT_TARGET = 17.0;
				MARKETING_VERSION = 1.0;
				PRODUCT_BUNDLE_IDENTIFIER = "com.VadimShicha.Pizza-MotoristTests";
				PRODUCT_NAME = "$(TARGET_NAME)";
				SWIFT_EMIT_LOC_STRINGS = NO;
				SWIFT_VERSION = 5.0;
				TARGETED_DEVICE_FAMILY = "1,2";
				TEST_HOST = "$(BUILT_PRODUCTS_DIR)/Pizza Motorist.app/$(BUNDLE_EXECUTABLE_FOLDER_PATH)/Pizza Motorist";
			};
			name = Release;
		};
		9A33F6902B12D755002F1379 /* Debug */ = {
			isa = XCBuildConfiguration;
			buildSettings = {
				ALWAYS_EMBED_SWIFT_STANDARD_LIBRARIES = YES;
				CODE_SIGN_STYLE = Automatic;
				CURRENT_PROJECT_VERSION = 1;
				DEVELOPMENT_TEAM = YX6HQPQFG5;
				GENERATE_INFOPLIST_FILE = YES;
				MARKETING_VERSION = 1.0;
				PRODUCT_BUNDLE_IDENTIFIER = "com.VadimShicha.Pizza-MotoristUITests";
				PRODUCT_NAME = "$(TARGET_NAME)";
				SWIFT_EMIT_LOC_STRINGS = NO;
				SWIFT_VERSION = 5.0;
				TARGETED_DEVICE_FAMILY = "1,2";
				TEST_TARGET_NAME = "Pizza Motorist";
			};
			name = Debug;
		};
		9A33F6912B12D755002F1379 /* Release */ = {
			isa = XCBuildConfiguration;
			buildSettings = {
				ALWAYS_EMBED_SWIFT_STANDARD_LIBRARIES = YES;
				CODE_SIGN_STYLE = Automatic;
				CURRENT_PROJECT_VERSION = 1;
				DEVELOPMENT_TEAM = YX6HQPQFG5;
				GENERATE_INFOPLIST_FILE = YES;
				MARKETING_VERSION = 1.0;
				PRODUCT_BUNDLE_IDENTIFIER = "com.VadimShicha.Pizza-MotoristUITests";
				PRODUCT_NAME = "$(TARGET_NAME)";
				SWIFT_EMIT_LOC_STRINGS = NO;
				SWIFT_VERSION = 5.0;
				TARGETED_DEVICE_FAMILY = "1,2";
				TEST_TARGET_NAME = "Pizza Motorist";
			};
			name = Release;
		};
/* End XCBuildConfiguration section */

/* Begin XCConfigurationList section */
		9A33F6602B12D751002F1379 /* Build configuration list for PBXProject "Pizza Motorist" */ = {
			isa = XCConfigurationList;
			buildConfigurations = (
				9A33F6872B12D755002F1379 /* Debug */,
				9A33F6882B12D755002F1379 /* Release */,
			);
			defaultConfigurationIsVisible = 0;
			defaultConfigurationName = Release;
		};
		9A33F6892B12D755002F1379 /* Build configuration list for PBXNativeTarget "Pizza Motorist" */ = {
			isa = XCConfigurationList;
			buildConfigurations = (
				9A33F68A2B12D755002F1379 /* Debug */,
				9A33F68B2B12D755002F1379 /* Release */,
			);
			defaultConfigurationIsVisible = 0;
			defaultConfigurationName = Release;
		};
		9A33F68C2B12D755002F1379 /* Build configuration list for PBXNativeTarget "Pizza MotoristTests" */ = {
			isa = XCConfigurationList;
			buildConfigurations = (
				9A33F68D2B12D755002F1379 /* Debug */,
				9A33F68E2B12D755002F1379 /* Release */,
			);
			defaultConfigurationIsVisible = 0;
			defaultConfigurationName = Release;
		};
		9A33F68F2B12D755002F1379 /* Build configuration list for PBXNativeTarget "Pizza MotoristUITests" */ = {
			isa = XCConfigurationList;
			buildConfigurations = (
				9A33F6902B12D755002F1379 /* Debug */,
				9A33F6912B12D755002F1379 /* Release */,
			);
			defaultConfigurationIsVisible = 0;
			defaultConfigurationName = Release;
		};
/* End XCConfigurationList section */
	};
	rootObject = 9A33F65D2B12D751002F1379 /* Project object */;
}
